
Microsoft Visual Studio Solution File, Format Version 12.00
# Visual Studio Version 16
VisualStudioVersion = 16.0.30907.101
MinimumVisualStudioVersion = 10.0.40219.1
Project("{FAE04EC0-301F-11D3-BF4B-00C04F79EFBC}") = "WebMvcJenkins", "WebMvcJenkins\WebMvcJenkins.csproj", "{AAAAFF66-8515-48A8-98AE-36EED26E9030}"
EndProject
Global
	GlobalSection(SolutionConfigurationPlatforms) = preSolution
		Debug|Any CPU = Debug|Any CPU
		Release|Any CPU = Release|Any CPU
	EndGlobalSection
	GlobalSection(ProjectConfigurationPlatforms) = postSolution
		{AAAAFF66-8515-48A8-98AE-36EED26E9030}.Debug|Any CPU.ActiveCfg = Debug|Any CPU
		{AAAAFF66-8515-48A8-98AE-36EED26E9030}.Debug|Any CPU.Build.0 = Debug|Any CPU
		{AAAAFF66-8515-48A8-98AE-36EED26E9030}.Release|Any CPU.ActiveCfg = Release|Any CPU
		{AAAAFF66-8515-48A8-98AE-36EED26E9030}.Release|Any CPU.Build.0 = Release|Any CPU
	EndGlobalSection
	GlobalSection(SolutionProperties) = preSolution
		HideSolutionNode = FALSE
	EndGlobalSection
	GlobalSection(ExtensibilityGlobals) = postSolution
		SolutionGuid = {AFDCA6A5-D6F3-4734-8BAC-AC25FDF10CA0}
	EndGlobalSection
EndGlobal
